PODS:
  - Kingfisher (5.15.6):
    - Kingfisher/Core (= 5.15.6)
  - Kingfisher/Core (5.15.6)

DEPENDENCIES:
  - Kingfisher

SPEC REPOS:
  trunk:
    - Kingfisher

SPEC CHECKSUMS:
  Kingfisher: b3554e7bf6106115b44e8795300bad580ef2fdc7

PODFILE CHECKSUM: 5300207a703f86db70f8d43a26db1e7303cf3716

COCOAPODS: 1.9.3
